
Microsoft Visual Studio Solution File, Format Version 12.00
# Visual Studio Version 17
VisualStudioVersion = 17.2.32526.322
MinimumVisualStudioVersion = 10.0.40219.1
Project("{FAE04EC0-301F-11D3-BF4B-00C04F79EFBC}") = "WebAPITest", "WebAPITest\WebAPITest.csproj", "{B6099A28-C11E-4A2B-86CF-E546F9C872B3}"
EndProject
Global
	GlobalSection(SolutionConfigurationPlatforms) = preSolution
		Debug|Any CPU = Debug|Any CPU
		Release|Any CPU = Release|Any CPU
	EndGlobalSection
	GlobalSection(ProjectConfigurationPlatforms) = postSolution
		{B6099A28-C11E-4A2B-86CF-E546F9C872B3}.Debug|Any CPU.ActiveCfg = Debug|Any CPU
		{B6099A28-C11E-4A2B-86CF-E546F9C872B3}.Debug|Any CPU.Build.0 = Debug|Any CPU
		{B6099A28-C11E-4A2B-86CF-E546F9C872B3}.Release|Any CPU.ActiveCfg = Release|Any CPU
		{B6099A28-C11E-4A2B-86CF-E546F9C872B3}.Release|Any CPU.Build.0 = Release|Any CPU
	EndGlobalSection
	GlobalSection(SolutionProperties) = preSolution
		HideSolutionNode = FALSE
	EndGlobalSection
	GlobalSection(ExtensibilityGlobals) = postSolution
		SolutionGuid = {86ABEB72-347D-4517-9DA7-4A0638872487}
	EndGlobalSection
EndGlobal
